
Microsoft Visual Studio Solution File, Format Version 12.00
# Visual Studio Version 17
VisualStudioVersion = 17.7.34202.233
MinimumVisualStudioVersion = 10.0.40219.1
Project("{FAE04EC0-301F-11D3-BF4B-00C04F79EFBC}") = "lista01", "lista01.csproj", "{DCEDEC3E-2ADC-418D-976A-083A0E5DFA51}"
EndProject
Global
	GlobalSection(SolutionConfigurationPlatforms) = preSolution
		Debug|Any CPU = Debug|Any CPU
		Release|Any CPU = Release|Any CPU
	EndGlobalSection
	GlobalSection(ProjectConfigurationPlatforms) = postSolution
		{DCEDEC3E-2ADC-418D-976A-083A0E5DFA51}.Debug|Any CPU.ActiveCfg = Debug|Any CPU
		{DCEDEC3E-2ADC-418D-976A-083A0E5DFA51}.Debug|Any CPU.Build.0 = Debug|Any CPU
		{DCEDEC3E-2ADC-418D-976A-083A0E5DFA51}.Release|Any CPU.ActiveCfg = Release|Any CPU
		{DCEDEC3E-2ADC-418D-976A-083A0E5DFA51}.Release|Any CPU.Build.0 = Release|Any CPU
	EndGlobalSection
	GlobalSection(SolutionProperties) = preSolution
		HideSolutionNode = FALSE
	EndGlobalSection
	GlobalSection(ExtensibilityGlobals) = postSolution
		SolutionGuid = {F505BE6C-0630-4E82-A0BB-31D93276CC3A}
	EndGlobalSection
EndGlobal
